// !$*UTF8*$!
{
	archiveVersion = 1;
	classes = {
	};
	objectVersion = 46;
	objects = {

/* Begin PBXBuildFile section */
		E6B87D4A15769D2700DB8377 /* UIKit.framework in Frameworks */ = {isa = PBXBuildFile; fileRef = E6B87D4915769D2700DB8377 /* UIKit.framework */; };
		E6B87D4C15769D2700DB8377 /* Foundation.framework in Frameworks */ = {isa = PBXBuildFile; fileRef = E6B87D4B15769D2700DB8377 /* Foundation.framework */; };
		E6B87D4E15769D2700DB8377 /* CoreGraphics.framework in Frameworks */ = {isa = PBXBuildFile; fileRef = E6B87D4D15769D2700DB8377 /* CoreGraphics.framework */; };
		E6B87D5415769D2700DB8377 /* InfoPlist.strings in Resources */ = {isa = PBXBuildFile; fileRef = E6B87D5215769D2700DB8377 /* InfoPlist.strings */; };
		E6B87D5615769D2700DB8377 /* main.m in Sources */ = {isa = PBXBuildFile; fileRef = E6B87D5515769D2700DB8377 /* main.m */; };
		E6B87D5A15769D2800DB8377 /* CalculatorAppDelegate.m in Sources */ = {isa = PBXBuildFile; fileRef = E6B87D5915769D2800DB8377 /* CalculatorAppDelegate.m */; };
		E6B87D5D15769D2800DB8377 /* MainStoryboard.storyboard in Resources */ = {isa = PBXBuildFile; fileRef = E6B87D5B15769D2800DB8377 /* MainStoryboard.storyboard */; };
		E6B87D6015769D2800DB8377 /* CalculatorViewController.m in Sources */ = {isa = PBXBuildFile; fileRef = E6B87D5F15769D2800DB8377 /* CalculatorViewController.m */; };
		E6BBAABE157AB825007510F5 /* CalculatorBrain.m in Sources */ = {isa = PBXBuildFile; fileRef = E6BBAABD157AB825007510F5 /* CalculatorBrain.m */; };
/* End PBXBuildFile section */

/* Begin PBXFileReference section */
		E6B87D4515769D2700DB8377 /* Calculator.app */ = {isa = PBXFileReference; explicitFileType = wrapper.application; includeInIndex = 0; path = Calculator.app; sourceTree = BUILT_PRODUCTS_DIR; };
		E6B87D4915769D2700DB8377 /* UIKit.framework */ = {isa = PBXFileReference; lastKnownFileType = wrapper.framework; name = UIKit.framework; path = System/Library/Frameworks/UIKit.framework; sourceTree = SDKROOT; };
		E6B87D4B15769D2700DB8377 /* Foundation.framework */ = {isa = PBXFileReference; lastKnownFileType = wrapper.framework; name = Foundation.framework; path = System/Library/Frameworks/Foundation.framework; sourceTree = SDKROOT; };
		E6B87D4D15769D2700DB8377 /* CoreGraphics.framework */ = {isa = PBXFileReference; lastKnownFileType = wrapper.framework; name = CoreGraphics.framework; path = System/Library/Frameworks/CoreGraphics.framework; sourceTree = SDKROOT; };
		E6B87D5115769D2700DB8377 /* Calculator-Info.plist */ = {isa = PBXFileReference; lastKnownFileType = text.plist.xml; path = "Calculator-Info.plist"; sourceTree = "<group>"; };
		E6B87D5315769D2700DB8377 /* en */ = {isa = PBXFileReference; lastKnownFileType = text.plist.strings; name = en; path = en.lproj/InfoPlist.strings; sourceTree = "<group>"; };
		E6B87D5515769D2700DB8377 /* main.m */ = {isa = PBXFileReference; lastKnownFileType = sourcecode.c.objc; path = main.m; sourceTree = "<group>"; };
		E6B87D5715769D2700DB8377 /* Calculator-Prefix.pch */ = {isa = PBXFileReference; lastKnownFileType = sourcecode.c.h; path = "Calculator-Prefix.pch"; sourceTree = "<group>"; };
		E6B87D5815769D2800DB8377 /* CalculatorAppDelegate.h */ = {isa = PBXFileReference; lastKnownFileType = sourcecode.c.h; path = CalculatorAppDelegate.h; sourceTree = "<group>"; };
		E6B87D5915769D2800DB8377 /* CalculatorAppDelegate.m */ = {isa = PBXFileReference; lastKnownFileType = sourcecode.c.objc; path = CalculatorAppDelegate.m; sourceTree = "<group>"; };
		E6B87D5C15769D2800DB8377 /* en */ = {isa = PBXFileReference; lastKnownFileType = file.storyboard; name = en; path = en.lproj/MainStoryboard.storyboard; sourceTree = "<group>"; };
		E6B87D5E15769D2800DB8377 /* CalculatorViewController.h */ = {isa = PBXFileReference; lastKnownFileType = sourcecode.c.h; path = CalculatorViewController.h; sourceTree = "<group>"; };
		E6B87D5F15769D2800DB8377 /* CalculatorViewController.m */ = {isa = PBXFileReference; lastKnownFileType = sourcecode.c.objc; path = CalculatorViewController.m; sourceTree = "<group>"; };
		E6BBAABC157AB825007510F5 /* CalculatorBrain.h */ = {isa = PBXFileReference; fileEncoding = 4; lastKnownFileType = sourcecode.c.h; path = CalculatorBrain.h; sourceTree = "<group>"; };
		E6BBAABD157AB825007510F5 /* CalculatorBrain.m */ = {isa = PBXFileReference; fileEncoding = 4; lastKnownFileType = sourcecode.c.objc; path = CalculatorBrain.m; sourceTree = "<group>"; };
/* End PBXFileReference section */

/* Begin PBXFrameworksBuildPhase section */
		E6B87D4215769D2700DB8377 /* Frameworks */ = {
			isa = PBXFrameworksBuildPhase;
			buildActionMask = 2147483647;
			files = (
				E6B87D4A15769D2700DB8377 /* UIKit.framework in Frameworks */,
				E6B87D4C15769D2700DB8377 /* Foundation.framework in Frameworks */,
				E6B87D4E15769D2700DB8377 /* CoreGraphics.framework in Frameworks */,
			);
			runOnlyForDeploymentPostprocessing = 0;
		};
/* End PBXFrameworksBuildPhase section */

/* Begin PBXGroup section */
		E6B87D3A15769D2700DB8377 = {
			isa = PBXGroup;
			children = (
				E6B87D4F15769D2700DB8377 /* Calculator */,
				E6B87D4815769D2700DB8377 /* Frameworks */,
				E6B87D4615769D2700DB8377 /* Products */,
			);
			sourceTree = "<group>";
		};
		E6B87D4615769D2700DB8377 /* Products */ = {
			isa = PBXGroup;
			children = (
				E6B87D4515769D2700DB8377 /* Calculator.app */,
			);
			name = Products;
			sourceTree = "<group>";
		};
		E6B87D4815769D2700DB8377 /* Frameworks */ = {
			isa = PBXGroup;
			children = (
				E6B87D4915769D2700DB8377 /* UIKit.framework */,
				E6B87D4B15769D2700DB8377 /* Foundation.framework */,
				E6B87D4D15769D2700DB8377 /* CoreGraphics.framework */,
			);
			name = Frameworks;
			sourceTree = "<group>";
		};
		E6B87D4F15769D2700DB8377 /* Calculator */ = {
			isa = PBXGroup;
			children = (
				E6B87D5815769D2800DB8377 /* CalculatorAppDelegate.h */,
				E6B87D5915769D2800DB8377 /* CalculatorAppDelegate.m */,
				E6B87D5B15769D2800DB8377 /* MainStoryboard.storyboard */,
				E6BBAABC157AB825007510F5 /* CalculatorBrain.h */,
				E6BBAABD157AB825007510F5 /* CalculatorBrain.m */,
				E6B87D5E15769D2800DB8377 /* CalculatorViewController.h */,
				E6B87D5F15769D2800DB8377 /* CalculatorViewController.m */,
				E6B87D5015769D2700DB8377 /* Supporting Files */,
			);
			path = Calculator;
			sourceTree = "<group>";
		};
		E6B87D5015769D2700DB8377 /* Supporting Files */ = {
			isa = PBXGroup;
			children = (
				E6B87D5115769D2700DB8377 /* Calculator-Info.plist */,
				E6B87D5215769D2700DB8377 /* InfoPlist.strings */,
				E6B87D5515769D2700DB8377 /* main.m */,
				E6B87D5715769D2700DB8377 /* Calculator-Prefix.pch */,
			);
			name = "Supporting Files";
			sourceTree = "<group>";
		};
/* End PBXGroup section */

/* Begin PBXNativeTarget section */
		E6B87D4415769D2700DB8377 /* Calculator */ = {
			isa = PBXNativeTarget;
			buildConfigurationList = E6B87D6315769D2800DB8377 /* Build configuration list for PBXNativeTarget "Calculator" */;
			buildPhases = (
				E6B87D4115769D2700DB8377 /* Sources */,
				E6B87D4215769D2700DB8377 /* Frameworks */,
				E6B87D4315769D2700DB8377 /* Resources */,
			);
			buildRules = (
			);
			dependencies = (
			);
			name = Calculator;
			productName = Calculator;
			productReference = E6B87D4515769D2700DB8377 /* Calculator.app */;
			productType = "com.apple.product-type.application";
		};
/* End PBXNativeTarget section */

/* Begin PBXProject section */
		E6B87D3C15769D2700DB8377 /* Project object */ = {
			isa = PBXProject;
			attributes = {
				CLASSPREFIX = Calculator;
				LastUpgradeCheck = 0430;
			};
			buildConfigurationList = E6B87D3F15769D2700DB8377 /* Build configuration list for PBXProject "Calculator" */;
			compatibilityVersion = "Xcode 3.2";
			developmentRegion = English;
			hasScannedForEncodings = 0;
			knownRegions = (
				en,
			);
			mainGroup = E6B87D3A15769D2700DB8377;
			productRefGroup = E6B87D4615769D2700DB8377 /* Products */;
			projectDirPath = "";
			projectRoot = "";
			targets = (
				E6B87D4415769D2700DB8377 /* Calculator */,
			);
		};
/* End PBXProject section */

/* Begin PBXResourcesBuildPhase section */
		E6B87D4315769D2700DB8377 /* Resources */ = {
			isa = PBXResourcesBuildPhase;
			buildActionMask = 2147483647;
			files = (
				E6B87D5415769D2700DB8377 /* InfoPlist.strings in Resources */,
				E6B87D5D15769D2800DB8377 /* MainStoryboard.storyboard in Resources */,
			);
			runOnlyForDeploymentPostprocessing = 0;
		};
/* End PBXResourcesBuildPhase section */

/* Begin PBXSourcesBuildPhase section */
		E6B87D4115769D2700DB8377 /* Sources */ = {
			isa = PBXSourcesBuildPhase;
			buildActionMask = 2147483647;
			files = (
				E6B87D5615769D2700DB8377 /* main.m in Sources */,
				E6B87D5A15769D2800DB8377 /* CalculatorAppDelegate.m in Sources */,
				E6B87D6015769D2800DB8377 /* CalculatorViewController.m in Sources */,
				E6BBAABE157AB825007510F5 /* CalculatorBrain.m in Sources */,
			);
			runOnlyForDeploymentPostprocessing = 0;
		};
/* End PBXSourcesBuildPhase section */

/* Begin PBXVariantGroup section */
		E6B87D5215769D2700DB8377 /* InfoPlist.strings */ = {
			isa = PBXVariantGroup;
			children = (
				E6B87D5315769D2700DB8377 /* en */,
			);
			name = InfoPlist.strings;
			sourceTree = "<group>";
		};
		E6B87D5B15769D2800DB8377 /* MainStoryboard.storyboard */ = {
			isa = PBXVariantGroup;
			children = (
				E6B87D5C15769D2800DB8377 /* en */,
			);
			name = MainStoryboard.storyboard;
			sourceTree = "<group>";
		};
/* End PBXVariantGroup section */

/* Begin XCBuildConfiguration section */
		E6B87D6115769D2800DB8377 /* Debug */ = {
			isa = XCBuildConfiguration;
			buildSettings = {
				ALWAYS_SEARCH_USER_PATHS = NO;
				ARCHS = "$(ARCHS_STANDARD_32_BIT)";
				CLANG_ENABLE_OBJC_ARC = YES;
				"CODE_SIGN_IDENTITY[sdk=iphoneos*]" = "iPhone Developer";
				COPY_PHASE_STRIP = NO;
				GCC_C_LANGUAGE_STANDARD = gnu99;
				GCC_DYNAMIC_NO_PIC = NO;
				GCC_OPTIMIZATION_LEVEL = 0;
				GCC_PREPROCESSOR_DEFINITIONS = (
					"DEBUG=1",
					"$(inherited)",
				);
				GCC_SYMBOLS_PRIVATE_EXTERN = NO;
				GCC_VERSION = com.apple.compilers.llvm.clang.1_0;
				GCC_WARN_ABOUT_RETURN_TYPE = YES;
				GCC_WARN_UNINITIALIZED_AUTOS = YES;
				GCC_WARN_UNUSED_VARIABLE = YES;
				IPHONEOS_DEPLOYMENT_TARGET = 5.1;
				SDKROOT = iphoneos;
			};
			name = Debug;
		};
		E6B87D6215769D2800DB8377 /* Release */ = {
			isa = XCBuildConfiguration;
			buildSettings = {
				ALWAYS_SEARCH_USER_PATHS = NO;
				ARCHS = "$(ARCHS_STANDARD_32_BIT)";
				CLANG_ENABLE_OBJC_ARC = YES;
				"CODE_SIGN_IDENTITY[sdk=iphoneos*]" = "iPhone Developer";
				COPY_PHASE_STRIP = YES;
				GCC_C_LANGUAGE_STANDARD = gnu99;
				GCC_VERSION = com.apple.compilers.llvm.clang.1_0;
				GCC_WARN_ABOUT_RETURN_TYPE = YES;
				GCC_WARN_UNINITIALIZED_AUTOS = YES;
				GCC_WARN_UNUSED_VARIABLE = YES;
				IPHONEOS_DEPLOYMENT_TARGET = 5.1;
				OTHER_CFLAGS = "-DNS_BLOCK_ASSERTIONS=1";
				SDKROOT = iphoneos;
				VALIDATE_PRODUCT = YES;
			};
			name = Release;
		};
		E6B87D6415769D2800DB8377 /* Debug */ = {
			isa = XCBuildConfiguration;
			buildSettings = {
				GCC_PRECOMPILE_PREFIX_HEADER = YES;
				GCC_PREFIX_HEADER = "Calculator/Calculator-Prefix.pch";
				INFOPLIST_FILE = "Calculator/Calculator-Info.plist";
				PRODUCT_NAME = "$(TARGET_NAME)";
				WRAPPER_EXTENSION = app;
			};
			name = Debug;
		};
		E6B87D6515769D2800DB8377 /* Release */ = {
			isa = XCBuildConfiguration;
			buildSettings = {
				GCC_PRECOMPILE_PREFIX_HEADER = YES;
				GCC_PREFIX_HEADER = "Calculator/Calculator-Prefix.pch";
				INFOPLIST_FILE = "Calculator/Calculator-Info.plist";
				PRODUCT_NAME = "$(TARGET_NAME)";
				WRAPPER_EXTENSION = app;
			};
			name = Release;
		};
/* End XCBuildConfiguration section */

/* Begin XCConfigurationList section */
		E6B87D3F15769D2700DB8377 /* Build configuration list for PBXProject "Calculator" */ = {
			isa = XCConfigurationList;
			buildConfigurations = (
				E6B87D6115769D2800DB8377 /* Debug */,
				E6B87D6215769D2800DB8377 /* Release */,
			);
			defaultConfigurationIsVisible = 0;
			defaultConfigurationName = Release;
		};
		E6B87D6315769D2800DB8377 /* Build configuration list for PBXNativeTarget "Calculator" */ = {
			isa = XCConfigurationList;
			buildConfigurations = (
				E6B87D6415769D2800DB8377 /* Debug */,
				E6B87D6515769D2800DB8377 /* Release */,
			);
			defaultConfigurationIsVisible = 0;
			defaultConfigurationName = Release;
		};
/* End XCConfigurationList section */
	};
	rootObject = E6B87D3C15769D2700DB8377 /* Project object */;
}
